// !$*UTF8*$!
{
	archiveVersion = 1;
	classes = {
	};
	objectVersion = 56;
	objects = {

/* Begin PBXBuildFile section */
		3A88516A29323ED500FA16E8 /* AppDelegate.swift in Sources */ = {isa = PBXBuildFile; fileRef = 3A88516929323ED500FA16E8 /* AppDelegate.swift */; };
		3A88517329323ED700FA16E8 /* Assets.xcassets in Resources */ = {isa = PBXBuildFile; fileRef = 3A88517229323ED700FA16E8 /* Assets.xcassets */; };
		3A88517629323ED700FA16E8 /* LaunchScreen.storyboard in Resources */ = {isa = PBXBuildFile; fileRef = 3A88517429323ED700FA16E8 /* LaunchScreen.storyboard */; };
		3A88517F2932400E00FA16E8 /* CatchMonsterViewController.swift in Sources */ = {isa = PBXBuildFile; fileRef = 3A88517D2932400E00FA16E8 /* CatchMonsterViewController.swift */; };
		3A8851802932400E00FA16E8 /* CatchMonsterViewController.xib in Resources */ = {isa = PBXBuildFile; fileRef = 3A88517E2932400E00FA16E8 /* CatchMonsterViewController.xib */; };
		3A8851A72933C75700FA16E8 /* ColorsStorage.swift in Sources */ = {isa = PBXBuildFile; fileRef = 3A8851A62933C75700FA16E8 /* ColorsStorage.swift */; };
		3A8851A92933DCBB00FA16E8 /* robot.usdz in Resources */ = {isa = PBXBuildFile; fileRef = 3A8851A82933DCBB00FA16E8 /* robot.usdz */; };
		3A8851AC2933EC2500FA16E8 /* GetTopViewController.swift in Sources */ = {isa = PBXBuildFile; fileRef = 3A8851AB2933EC2500FA16E8 /* GetTopViewController.swift */; };
		3A8851AE2933FFE400FA16E8 /* drummer.usdz in Resources */ = {isa = PBXBuildFile; fileRef = 3A8851AD2933FFE400FA16E8 /* drummer.usdz */; };
		3A8851B0293404E300FA16E8 /* warrior.usdz in Resources */ = {isa = PBXBuildFile; fileRef = 3A8851AF293404E300FA16E8 /* warrior.usdz */; };
/* End PBXBuildFile section */

/* Begin PBXFileReference section */
		3A88516629323ED500FA16E8 /* Moster Busters.app */ = {isa = PBXFileReference; explicitFileType = wrapper.application; includeInIndex = 0; path = "Moster Busters.app"; sourceTree = BUILT_PRODUCTS_DIR; };
		3A88516929323ED500FA16E8 /* AppDelegate.swift */ = {isa = PBXFileReference; lastKnownFileType = sourcecode.swift; path = AppDelegate.swift; sourceTree = "<group>"; };
		3A88517229323ED700FA16E8 /* Assets.xcassets */ = {isa = PBXFileReference; lastKnownFileType = folder.assetcatalog; path = Assets.xcassets; sourceTree = "<group>"; };
		3A88517529323ED700FA16E8 /* Base */ = {isa = PBXFileReference; lastKnownFileType = file.storyboard; name = Base; path = Base.lproj/LaunchScreen.storyboard; sourceTree = "<group>"; };
		3A88517D2932400E00FA16E8 /* CatchMonsterViewController.swift */ = {isa = PBXFileReference; lastKnownFileType = sourcecode.swift; path = CatchMonsterViewController.swift; sourceTree = "<group>"; };
		3A88517E2932400E00FA16E8 /* CatchMonsterViewController.xib */ = {isa = PBXFileReference; lastKnownFileType = file.xib; path = CatchMonsterViewController.xib; sourceTree = "<group>"; };
		3A8851A62933C75700FA16E8 /* ColorsStorage.swift */ = {isa = PBXFileReference; lastKnownFileType = sourcecode.swift; path = ColorsStorage.swift; sourceTree = "<group>"; };
		3A8851A82933DCBB00FA16E8 /* robot.usdz */ = {isa = PBXFileReference; lastKnownFileType = file.usdz; path = robot.usdz; sourceTree = "<group>"; };
		3A8851AB2933EC2500FA16E8 /* GetTopViewController.swift */ = {isa = PBXFileReference; lastKnownFileType = sourcecode.swift; path = GetTopViewController.swift; sourceTree = "<group>"; };
		3A8851AD2933FFE400FA16E8 /* drummer.usdz */ = {isa = PBXFileReference; lastKnownFileType = file.usdz; path = drummer.usdz; sourceTree = "<group>"; };
		3A8851AF293404E300FA16E8 /* warrior.usdz */ = {isa = PBXFileReference; lastKnownFileType = file.usdz; path = warrior.usdz; sourceTree = "<group>"; };
/* End PBXFileReference section */

/* Begin PBXFrameworksBuildPhase section */
		3A88516329323ED500FA16E8 /* Frameworks */ = {
			isa = PBXFrameworksBuildPhase;
			buildActionMask = 2147483647;
			files = (
			);
			runOnlyForDeploymentPostprocessing = 0;
		};
/* End PBXFrameworksBuildPhase section */

/* Begin PBXGroup section */
		3A88515D29323ED500FA16E8 = {
			isa = PBXGroup;
			children = (
				3A88516829323ED500FA16E8 /* Moster Busters */,
				3A88516729323ED500FA16E8 /* Products */,
			);
			sourceTree = "<group>";
		};
		3A88516729323ED500FA16E8 /* Products */ = {
			isa = PBXGroup;
			children = (
				3A88516629323ED500FA16E8 /* Moster Busters.app */,
			);
			name = Products;
			sourceTree = "<group>";
		};
		3A88516829323ED500FA16E8 /* Moster Busters */ = {
			isa = PBXGroup;
			children = (
				3A88516929323ED500FA16E8 /* AppDelegate.swift */,
				3A8851812932408000FA16E8 /* Application */,
				3A8851A42933C73300FA16E8 /* Storages */,
				3A8851A12933C61300FA16E8 /* Monsters3DModels */,
				3A88517C29323FF000FA16E8 /* CatchMonsterModule */,
				3A8851AA2933EC1000FA16E8 /* Extensions */,
			);
			path = "Moster Busters";
			sourceTree = "<group>";
		};
		3A88517C29323FF000FA16E8 /* CatchMonsterModule */ = {
			isa = PBXGroup;
			children = (
				3A88517D2932400E00FA16E8 /* CatchMonsterViewController.swift */,
				3A88517E2932400E00FA16E8 /* CatchMonsterViewController.xib */,
			);
			path = CatchMonsterModule;
			sourceTree = "<group>";
		};
		3A8851812932408000FA16E8 /* Application */ = {
			isa = PBXGroup;
			children = (
				3A88517229323ED700FA16E8 /* Assets.xcassets */,
				3A88517429323ED700FA16E8 /* LaunchScreen.storyboard */,
			);
			path = Application;
			sourceTree = "<group>";
		};
		3A8851A12933C61300FA16E8 /* Monsters3DModels */ = {
			isa = PBXGroup;
			children = (
				3A8851A82933DCBB00FA16E8 /* robot.usdz */,
				3A8851AD2933FFE400FA16E8 /* drummer.usdz */,
				3A8851AF293404E300FA16E8 /* warrior.usdz */,
			);
			path = Monsters3DModels;
			sourceTree = "<group>";
		};
		3A8851A42933C73300FA16E8 /* Storages */ = {
			isa = PBXGroup;
			children = (
				3A8851A52933C74500FA16E8 /* ColorsStorage */,
			);
			path = Storages;
			sourceTree = "<group>";
		};
		3A8851A52933C74500FA16E8 /* ColorsStorage */ = {
			isa = PBXGroup;
			children = (
				3A8851A62933C75700FA16E8 /* ColorsStorage.swift */,
			);
			path = ColorsStorage;
			sourceTree = "<group>";
		};
		3A8851AA2933EC1000FA16E8 /* Extensions */ = {
			isa = PBXGroup;
			children = (
				3A8851AB2933EC2500FA16E8 /* GetTopViewController.swift */,
			);
			path = Extensions;
			sourceTree = "<group>";
		};
/* End PBXGroup section */

/* Begin PBXNativeTarget section */
		3A88516529323ED500FA16E8 /* Moster Busters */ = {
			isa = PBXNativeTarget;
			buildConfigurationList = 3A88517929323ED700FA16E8 /* Build configuration list for PBXNativeTarget "Moster Busters" */;
			buildPhases = (
				3A88516229323ED500FA16E8 /* Sources */,
				3A88516329323ED500FA16E8 /* Frameworks */,
				3A88516429323ED500FA16E8 /* Resources */,
			);
			buildRules = (
			);
			dependencies = (
			);
			name = "Moster Busters";
			productName = "Moster Busters";
			productReference = 3A88516629323ED500FA16E8 /* Moster Busters.app */;
			productType = "com.apple.product-type.application";
		};
/* End PBXNativeTarget section */

/* Begin PBXProject section */
		3A88515E29323ED500FA16E8 /* Project object */ = {
			isa = PBXProject;
			attributes = {
				BuildIndependentTargetsInParallel = 1;
				LastSwiftUpdateCheck = 1410;
				LastUpgradeCheck = 1410;
				TargetAttributes = {
					3A88516529323ED500FA16E8 = {
						CreatedOnToolsVersion = 14.1;
					};
				};
			};
			buildConfigurationList = 3A88516129323ED500FA16E8 /* Build configuration list for PBXProject "Moster Busters" */;
			compatibilityVersion = "Xcode 14.0";
			developmentRegion = en;
			hasScannedForEncodings = 0;
			knownRegions = (
				en,
				Base,
			);
			mainGroup = 3A88515D29323ED500FA16E8;
			productRefGroup = 3A88516729323ED500FA16E8 /* Products */;
			projectDirPath = "";
			projectRoot = "";
			targets = (
				3A88516529323ED500FA16E8 /* Moster Busters */,
			);
		};
/* End PBXProject section */

/* Begin PBXResourcesBuildPhase section */
		3A88516429323ED500FA16E8 /* Resources */ = {
			isa = PBXResourcesBuildPhase;
			buildActionMask = 2147483647;
			files = (
				3A8851B0293404E300FA16E8 /* warrior.usdz in Resources */,
				3A8851A92933DCBB00FA16E8 /* robot.usdz in Resources */,
				3A88517629323ED700FA16E8 /* LaunchScreen.storyboard in Resources */,
				3A8851802932400E00FA16E8 /* CatchMonsterViewController.xib in Resources */,
				3A88517329323ED700FA16E8 /* Assets.xcassets in Resources */,
				3A8851AE2933FFE400FA16E8 /* drummer.usdz in Resources */,
			);
			runOnlyForDeploymentPostprocessing = 0;
		};
/* End PBXResourcesBuildPhase section */

/* Begin PBXSourcesBuildPhase section */
		3A88516229323ED500FA16E8 /* Sources */ = {
			isa = PBXSourcesBuildPhase;
			buildActionMask = 2147483647;
			files = (
				3A88517F2932400E00FA16E8 /* CatchMonsterViewController.swift in Sources */,
				3A8851A72933C75700FA16E8 /* ColorsStorage.swift in Sources */,
				3A88516A29323ED500FA16E8 /* AppDelegate.swift in Sources */,
				3A8851AC2933EC2500FA16E8 /* GetTopViewController.swift in Sources */,
			);
			runOnlyForDeploymentPostprocessing = 0;
		};
/* End PBXSourcesBuildPhase section */

/* Begin PBXVariantGroup section */
		3A88517429323ED700FA16E8 /* LaunchScreen.storyboard */ = {
			isa = PBXVariantGroup;
			children = (
				3A88517529323ED700FA16E8 /* Base */,
			);
			name = LaunchScreen.storyboard;
			sourceTree = "<group>";
		};
/* End PBXVariantGroup section */

/* Begin XCBuildConfiguration section */
		3A88517729323ED700FA16E8 /* Debug */ = {
			isa = XCBuildConfiguration;
			buildSettings = {
				ALWAYS_SEARCH_USER_PATHS = NO;
				CLANG_ANALYZER_NONNULL = YES;
				CLANG_ANALYZER_NUMBER_OBJECT_CONVERSION = YES_AGGRESSIVE;
				CLANG_CXX_LANGUAGE_STANDARD = "gnu++20";
				CLANG_ENABLE_MODULES = YES;
				CLANG_ENABLE_OBJC_ARC = YES;
				CLANG_ENABLE_OBJC_WEAK = YES;
				CLANG_WARN_BLOCK_CAPTURE_AUTORELEASING = YES;
				CLANG_WARN_BOOL_CONVERSION = YES;
				CLANG_WARN_COMMA = YES;
				CLANG_WARN_CONSTANT_CONVERSION = YES;
				CLANG_WARN_DEPRECATED_OBJC_IMPLEMENTATIONS = YES;
				CLANG_WARN_DIRECT_OBJC_ISA_USAGE = YES_ERROR;
				CLANG_WARN_DOCUMENTATION_COMMENTS = YES;
				CLANG_WARN_EMPTY_BODY = YES;
				CLANG_WARN_ENUM_CONVERSION = YES;
				CLANG_WARN_INFINITE_RECURSION = YES;
				CLANG_WARN_INT_CONVERSION = YES;
				CLANG_WARN_NON_LITERAL_NULL_CONVERSION = YES;
				CLANG_WARN_OBJC_IMPLICIT_RETAIN_SELF = YES;
				CLANG_WARN_OBJC_LITERAL_CONVERSION = YES;
				CLANG_WARN_OBJC_ROOT_CLASS = YES_ERROR;
				CLANG_WARN_QUOTED_INCLUDE_IN_FRAMEWORK_HEADER = YES;
				CLANG_WARN_RANGE_LOOP_ANALYSIS = YES;
				CLANG_WARN_STRICT_PROTOTYPES = YES;
				CLANG_WARN_SUSPICIOUS_MOVE = YES;
				CLANG_WARN_UNGUARDED_AVAILABILITY = YES_AGGRESSIVE;
				CLANG_WARN_UNREACHABLE_CODE = YES;
				CLANG_WARN__DUPLICATE_METHOD_MATCH = YES;
				COPY_PHASE_STRIP = NO;
				DEBUG_INFORMATION_FORMAT = dwarf;
				ENABLE_STRICT_OBJC_MSGSEND = YES;
				ENABLE_TESTABILITY = YES;
				GCC_C_LANGUAGE_STANDARD = gnu11;
				GCC_DYNAMIC_NO_PIC = NO;
				GCC_NO_COMMON_BLOCKS = YES;
				GCC_OPTIMIZATION_LEVEL = 0;
				GCC_PREPROCESSOR_DEFINITIONS = (
					"DEBUG=1",
					"$(inherited)",
				);
				GCC_WARN_64_TO_32_BIT_CONVERSION = YES;
				GCC_WARN_ABOUT_RETURN_TYPE = YES_ERROR;
				GCC_WARN_UNDECLARED_SELECTOR = YES;
				GCC_WARN_UNINITIALIZED_AUTOS = YES_AGGRESSIVE;
				GCC_WARN_UNUSED_FUNCTION = YES;
				GCC_WARN_UNUSED_VARIABLE = YES;
				IPHONEOS_DEPLOYMENT_TARGET = 16.0;
				MTL_ENABLE_DEBUG_INFO = INCLUDE_SOURCE;
				MTL_FAST_MATH = YES;
				ONLY_ACTIVE_ARCH = YES;
				SDKROOT = iphoneos;
				SWIFT_ACTIVE_COMPILATION_CONDITIONS = DEBUG;
				SWIFT_OPTIMIZATION_LEVEL = "-Onone";
			};
			name = Debug;
		};
		3A88517829323ED700FA16E8 /* Release */ = {
			isa = XCBuildConfiguration;
			buildSettings = {
				ALWAYS_SEARCH_USER_PATHS = NO;
				CLANG_ANALYZER_NONNULL = YES;
				CLANG_ANALYZER_NUMBER_OBJECT_CONVERSION = YES_AGGRESSIVE;
				CLANG_CXX_LANGUAGE_STANDARD = "gnu++20";
				CLANG_ENABLE_MODULES = YES;
				CLANG_ENABLE_OBJC_ARC = YES;
				CLANG_ENABLE_OBJC_WEAK = YES;
				CLANG_WARN_BLOCK_CAPTURE_AUTORELEASING = YES;
				CLANG_WARN_BOOL_CONVERSION = YES;
				CLANG_WARN_COMMA = YES;
				CLANG_WARN_CONSTANT_CONVERSION = YES;
				CLANG_WARN_DEPRECATED_OBJC_IMPLEMENTATIONS = YES;
				CLANG_WARN_DIRECT_OBJC_ISA_USAGE = YES_ERROR;
				CLANG_WARN_DOCUMENTATION_COMMENTS = YES;
				CLANG_WARN_EMPTY_BODY = YES;
				CLANG_WARN_ENUM_CONVERSION = YES;
				CLANG_WARN_INFINITE_RECURSION = YES;
				CLANG_WARN_INT_CONVERSION = YES;
				CLANG_WARN_NON_LITERAL_NULL_CONVERSION = YES;
				CLANG_WARN_OBJC_IMPLICIT_RETAIN_SELF = YES;
				CLANG_WARN_OBJC_LITERAL_CONVERSION = YES;
				CLANG_WARN_OBJC_ROOT_CLASS = YES_ERROR;
				CLANG_WARN_QUOTED_INCLUDE_IN_FRAMEWORK_HEADER = YES;
				CLANG_WARN_RANGE_LOOP_ANALYSIS = YES;
				CLANG_WARN_STRICT_PROTOTYPES = YES;
				CLANG_WARN_SUSPICIOUS_MOVE = YES;
				CLANG_WARN_UNGUARDED_AVAILABILITY = YES_AGGRESSIVE;
				CLANG_WARN_UNREACHABLE_CODE = YES;
				CLANG_WARN__DUPLICATE_METHOD_MATCH = YES;
				COPY_PHASE_STRIP = NO;
				DEBUG_INFORMATION_FORMAT = "dwarf-with-dsym";
				ENABLE_NS_ASSERTIONS = NO;
				ENABLE_STRICT_OBJC_MSGSEND = YES;
				GCC_C_LANGUAGE_STANDARD = gnu11;
				GCC_NO_COMMON_BLOCKS = YES;
				GCC_WARN_64_TO_32_BIT_CONVERSION = YES;
				GCC_WARN_ABOUT_RETURN_TYPE = YES_ERROR;
				GCC_WARN_UNDECLARED_SELECTOR = YES;
				GCC_WARN_UNINITIALIZED_AUTOS = YES_AGGRESSIVE;
				GCC_WARN_UNUSED_FUNCTION = YES;
				GCC_WARN_UNUSED_VARIABLE = YES;
				IPHONEOS_DEPLOYMENT_TARGET = 16.0;
				MTL_ENABLE_DEBUG_INFO = NO;
				MTL_FAST_MATH = YES;
				SDKROOT = iphoneos;
				SWIFT_COMPILATION_MODE = wholemodule;
				SWIFT_OPTIMIZATION_LEVEL = "-O";
				VALIDATE_PRODUCT = YES;
			};
			name = Release;
		};
		3A88517A29323ED700FA16E8 /* Debug */ = {
			isa = XCBuildConfiguration;
			buildSettings = {
				ASSETCATALOG_COMPILER_APPICON_NAME = AppIcon;
				ASSETCATALOG_COMPILER_GLOBAL_ACCENT_COLOR_NAME = AccentColor;
				CODE_SIGN_STYLE = Automatic;
				CURRENT_PROJECT_VERSION = 1;
				DEVELOPMENT_TEAM = X6S824DCXB;
				GENERATE_INFOPLIST_FILE = YES;
				INFOPLIST_KEY_NSCameraUsageDescription = "";
				INFOPLIST_KEY_UIApplicationSupportsIndirectInputEvents = YES;
				INFOPLIST_KEY_UILaunchStoryboardName = LaunchScreen;
				INFOPLIST_KEY_UIMainStoryboardFile = "";
				INFOPLIST_KEY_UIRequiredDeviceCapabilities = arkit;
				INFOPLIST_KEY_UIStatusBarHidden = YES;
				INFOPLIST_KEY_UISupportedInterfaceOrientations = UIInterfaceOrientationPortrait;
				INFOPLIST_KEY_UISupportedInterfaceOrientations_iPad = "UIInterfaceOrientationLandscapeLeft UIInterfaceOrientationLandscapeRight UIInterfaceOrientationPortrait UIInterfaceOrientationPortraitUpsideDown";
				LD_RUNPATH_SEARCH_PATHS = (
					"$(inherited)",
					"@executable_path/Frameworks",
				);
				MARKETING_VERSION = 1.0;
				PRODUCT_BUNDLE_IDENTIFIER = "Golubeykov.Moster-Busters";
				PRODUCT_NAME = "$(TARGET_NAME)";
				SUPPORTED_PLATFORMS = "iphoneos iphonesimulator";
				SUPPORTS_MACCATALYST = NO;
				SUPPORTS_MAC_DESIGNED_FOR_IPHONE_IPAD = NO;
				SWIFT_EMIT_LOC_STRINGS = YES;
				SWIFT_VERSION = 5.0;
				TARGETED_DEVICE_FAMILY = 1;
			};
			name = Debug;
		};
		3A88517B29323ED700FA16E8 /* Release */ = {
			isa = XCBuildConfiguration;
			buildSettings = {
				ASSETCATALOG_COMPILER_APPICON_NAME = AppIcon;
				ASSETCATALOG_COMPILER_GLOBAL_ACCENT_COLOR_NAME = AccentColor;
				CODE_SIGN_STYLE = Automatic;
				CURRENT_PROJECT_VERSION = 1;
				DEVELOPMENT_TEAM = X6S824DCXB;
				GENERATE_INFOPLIST_FILE = YES;
				INFOPLIST_KEY_NSCameraUsageDescription = "";
				INFOPLIST_KEY_UIApplicationSupportsIndirectInputEvents = YES;
				INFOPLIST_KEY_UILaunchStoryboardName = LaunchScreen;
				INFOPLIST_KEY_UIMainStoryboardFile = "";
				INFOPLIST_KEY_UIRequiredDeviceCapabilities = arkit;
				INFOPLIST_KEY_UIStatusBarHidden = YES;
				INFOPLIST_KEY_UISupportedInterfaceOrientations = UIInterfaceOrientationPortrait;
				INFOPLIST_KEY_UISupportedInterfaceOrientations_iPad = "UIInterfaceOrientationLandscapeLeft UIInterfaceOrientationLandscapeRight UIInterfaceOrientationPortrait UIInterfaceOrientationPortraitUpsideDown";
				LD_RUNPATH_SEARCH_PATHS = (
					"$(inherited)",
					"@executable_path/Frameworks",
				);
				MARKETING_VERSION = 1.0;
				PRODUCT_BUNDLE_IDENTIFIER = "Golubeykov.Moster-Busters";
				PRODUCT_NAME = "$(TARGET_NAME)";
				SUPPORTED_PLATFORMS = "iphoneos iphonesimulator";
				SUPPORTS_MACCATALYST = NO;
				SUPPORTS_MAC_DESIGNED_FOR_IPHONE_IPAD = NO;
				SWIFT_EMIT_LOC_STRINGS = YES;
				SWIFT_VERSION = 5.0;
				TARGETED_DEVICE_FAMILY = 1;
			};
			name = Release;
		};
/* End XCBuildConfiguration section */

/* Begin XCConfigurationList section */
		3A88516129323ED500FA16E8 /* Build configuration list for PBXProject "Moster Busters" */ = {
			isa = XCConfigurationList;
			buildConfigurations = (
				3A88517729323ED700FA16E8 /* Debug */,
				3A88517829323ED700FA16E8 /* Release */,
			);
			defaultConfigurationIsVisible = 0;
			defaultConfigurationName = Release;
		};
		3A88517929323ED700FA16E8 /* Build configuration list for PBXNativeTarget "Moster Busters" */ = {
			isa = XCConfigurationList;
			buildConfigurations = (
				3A88517A29323ED700FA16E8 /* Debug */,
				3A88517B29323ED700FA16E8 /* Release */,
			);
			defaultConfigurationIsVisible = 0;
			defaultConfigurationName = Release;
		};
/* End XCConfigurationList section */
	};
	rootObject = 3A88515E29323ED500FA16E8 /* Project object */;
}
